// !$*UTF8*$!
{
	archiveVersion = 1;
	classes = {
	};
	objectVersion = 50;
	objects = {

/* Begin PBXBuildFile section */
		630D34F7227D323C0006D408 /* BarChartContainerView.xib in Resources */ = {isa = PBXBuildFile; fileRef = 630D34F6227D323C0006D408 /* BarChartContainerView.xib */; };
		630D34F9227D36B20006D408 /* BarChartContainerView.swift in Sources */ = {isa = PBXBuildFile; fileRef = 630D34F8227D36B20006D408 /* BarChartContainerView.swift */; };
		630D352A227F4AFE0006D408 /* TripleBarChart.swift in Sources */ = {isa = PBXBuildFile; fileRef = 630D3529227F4AFE0006D408 /* TripleBarChart.swift */; };
		630D352C227F4BE20006D408 /* TripleBarChartContainer.xib in Resources */ = {isa = PBXBuildFile; fileRef = 630D352B227F4BE20006D408 /* TripleBarChartContainer.xib */; };
		630D352E227F4BF30006D408 /* TripleBarChartContainer.swift in Sources */ = {isa = PBXBuildFile; fileRef = 630D352D227F4BF30006D408 /* TripleBarChartContainer.swift */; };
		630D3540228127760006D408 /* TripleBarGraphViewController.swift in Sources */ = {isa = PBXBuildFile; fileRef = 630D353F228127750006D408 /* TripleBarGraphViewController.swift */; };
		6327FEDB228E54050061E249 /* LineChartViewController.swift in Sources */ = {isa = PBXBuildFile; fileRef = 6327FEDA228E54050061E249 /* LineChartViewController.swift */; };
		6327FEDD228E542A0061E249 /* LineChartView.swift in Sources */ = {isa = PBXBuildFile; fileRef = 6327FEDC228E542A0061E249 /* LineChartView.swift */; };
		6327FEE0228E547B0061E249 /* LineChartContainer.swift in Sources */ = {isa = PBXBuildFile; fileRef = 6327FEDF228E547B0061E249 /* LineChartContainer.swift */; };
		6327FEE2228E54860061E249 /* LineChartContainer.xib in Resources */ = {isa = PBXBuildFile; fileRef = 6327FEE1228E54860061E249 /* LineChartContainer.xib */; };
		63822236226FBB4F007BB9BF /* AppDelegate.swift in Sources */ = {isa = PBXBuildFile; fileRef = 63822235226FBB4F007BB9BF /* AppDelegate.swift */; };
		63822238226FBB4F007BB9BF /* BarGraphViewController.swift in Sources */ = {isa = PBXBuildFile; fileRef = 63822237226FBB4F007BB9BF /* BarGraphViewController.swift */; };
		6382223B226FBB4F007BB9BF /* Main.storyboard in Resources */ = {isa = PBXBuildFile; fileRef = 63822239226FBB4F007BB9BF /* Main.storyboard */; };
		6382223D226FBB50007BB9BF /* Assets.xcassets in Resources */ = {isa = PBXBuildFile; fileRef = 6382223C226FBB50007BB9BF /* Assets.xcassets */; };
		63822240226FBB50007BB9BF /* LaunchScreen.storyboard in Resources */ = {isa = PBXBuildFile; fileRef = 6382223E226FBB50007BB9BF /* LaunchScreen.storyboard */; };
		6382224B226FF2A9007BB9BF /* BarChartView.swift in Sources */ = {isa = PBXBuildFile; fileRef = 6382224A226FF2A9007BB9BF /* BarChartView.swift */; };
/* End PBXBuildFile section */

/* Begin PBXFileReference section */
		630D34F6227D323C0006D408 /* BarChartContainerView.xib */ = {isa = PBXFileReference; lastKnownFileType = file.xib; path = BarChartContainerView.xib; sourceTree = "<group>"; };
		630D34F8227D36B20006D408 /* BarChartContainerView.swift */ = {isa = PBXFileReference; lastKnownFileType = sourcecode.swift; path = BarChartContainerView.swift; sourceTree = "<group>"; };
		630D3529227F4AFE0006D408 /* TripleBarChart.swift */ = {isa = PBXFileReference; lastKnownFileType = sourcecode.swift; path = TripleBarChart.swift; sourceTree = "<group>"; };
		630D352B227F4BE20006D408 /* TripleBarChartContainer.xib */ = {isa = PBXFileReference; lastKnownFileType = file.xib; path = TripleBarChartContainer.xib; sourceTree = "<group>"; };
		630D352D227F4BF30006D408 /* TripleBarChartContainer.swift */ = {isa = PBXFileReference; lastKnownFileType = sourcecode.swift; path = TripleBarChartContainer.swift; sourceTree = "<group>"; };
		630D353F228127750006D408 /* TripleBarGraphViewController.swift */ = {isa = PBXFileReference; lastKnownFileType = sourcecode.swift; path = TripleBarGraphViewController.swift; sourceTree = "<group>"; };
		6327FEDA228E54050061E249 /* LineChartViewController.swift */ = {isa = PBXFileReference; lastKnownFileType = sourcecode.swift; path = LineChartViewController.swift; sourceTree = "<group>"; };
		6327FEDC228E542A0061E249 /* LineChartView.swift */ = {isa = PBXFileReference; lastKnownFileType = sourcecode.swift; path = LineChartView.swift; sourceTree = "<group>"; };
		6327FEDF228E547B0061E249 /* LineChartContainer.swift */ = {isa = PBXFileReference; lastKnownFileType = sourcecode.swift; path = LineChartContainer.swift; sourceTree = "<group>"; };
		6327FEE1228E54860061E249 /* LineChartContainer.xib */ = {isa = PBXFileReference; lastKnownFileType = file.xib; path = LineChartContainer.xib; sourceTree = "<group>"; };
		63822232226FBB4F007BB9BF /* BarGraph.app */ = {isa = PBXFileReference; explicitFileType = wrapper.application; includeInIndex = 0; path = BarGraph.app; sourceTree = BUILT_PRODUCTS_DIR; };
		63822235226FBB4F007BB9BF /* AppDelegate.swift */ = {isa = PBXFileReference; lastKnownFileType = sourcecode.swift; path = AppDelegate.swift; sourceTree = "<group>"; };
		63822237226FBB4F007BB9BF /* BarGraphViewController.swift */ = {isa = PBXFileReference; lastKnownFileType = sourcecode.swift; path = BarGraphViewController.swift; sourceTree = "<group>"; };
		6382223A226FBB4F007BB9BF /* Base */ = {isa = PBXFileReference; lastKnownFileType = file.storyboard; name = Base; path = Base.lproj/Main.storyboard; sourceTree = "<group>"; };
		6382223C226FBB50007BB9BF /* Assets.xcassets */ = {isa = PBXFileReference; lastKnownFileType = folder.assetcatalog; path = Assets.xcassets; sourceTree = "<group>"; };
		6382223F226FBB50007BB9BF /* Base */ = {isa = PBXFileReference; lastKnownFileType = file.storyboard; name = Base; path = Base.lproj/LaunchScreen.storyboard; sourceTree = "<group>"; };
		63822241226FBB50007BB9BF /* Info.plist */ = {isa = PBXFileReference; lastKnownFileType = text.plist.xml; path = Info.plist; sourceTree = "<group>"; };
		6382224A226FF2A9007BB9BF /* BarChartView.swift */ = {isa = PBXFileReference; lastKnownFileType = sourcecode.swift; path = BarChartView.swift; sourceTree = "<group>"; };
/* End PBXFileReference section */

/* Begin PBXFrameworksBuildPhase section */
		6382222F226FBB4F007BB9BF /* Frameworks */ = {
			isa = PBXFrameworksBuildPhase;
			buildActionMask = 2147483647;
			files = (
			);
			runOnlyForDeploymentPostprocessing = 0;
		};
/* End PBXFrameworksBuildPhase section */

/* Begin PBXGroup section */
		630D34FD227DE58A0006D408 /* BarGraph */ = {
			isa = PBXGroup;
			children = (
				6382224A226FF2A9007BB9BF /* BarChartView.swift */,
				630D34F8227D36B20006D408 /* BarChartContainerView.swift */,
				630D34F6227D323C0006D408 /* BarChartContainerView.xib */,
			);
			path = BarGraph;
			sourceTree = "<group>";
		};
		630D34FE227DE59C0006D408 /* TripleBarGraph */ = {
			isa = PBXGroup;
			children = (
				630D3529227F4AFE0006D408 /* TripleBarChart.swift */,
				630D352B227F4BE20006D408 /* TripleBarChartContainer.xib */,
				630D352D227F4BF30006D408 /* TripleBarChartContainer.swift */,
			);
			path = TripleBarGraph;
			sourceTree = "<group>";
		};
		6327FEDE228E54450061E249 /* LineChartGraph */ = {
			isa = PBXGroup;
			children = (
				6327FEDC228E542A0061E249 /* LineChartView.swift */,
				6327FEDF228E547B0061E249 /* LineChartContainer.swift */,
				6327FEE1228E54860061E249 /* LineChartContainer.xib */,
			);
			path = LineChartGraph;
			sourceTree = "<group>";
		};
		63822229226FBB4F007BB9BF = {
			isa = PBXGroup;
			children = (
				63822234226FBB4F007BB9BF /* BarGraph */,
				63822233226FBB4F007BB9BF /* Products */,
			);
			sourceTree = "<group>";
		};
		63822233226FBB4F007BB9BF /* Products */ = {
			isa = PBXGroup;
			children = (
				63822232226FBB4F007BB9BF /* BarGraph.app */,
			);
			name = Products;
			sourceTree = "<group>";
		};
		63822234226FBB4F007BB9BF /* BarGraph */ = {
			isa = PBXGroup;
			children = (
				6327FEDE228E54450061E249 /* LineChartGraph */,
				630D34FE227DE59C0006D408 /* TripleBarGraph */,
				630D34FD227DE58A0006D408 /* BarGraph */,
				63822235226FBB4F007BB9BF /* AppDelegate.swift */,
				63822237226FBB4F007BB9BF /* BarGraphViewController.swift */,
				630D353F228127750006D408 /* TripleBarGraphViewController.swift */,
				6327FEDA228E54050061E249 /* LineChartViewController.swift */,
				63822239226FBB4F007BB9BF /* Main.storyboard */,
				6382223C226FBB50007BB9BF /* Assets.xcassets */,
				6382223E226FBB50007BB9BF /* LaunchScreen.storyboard */,
				63822241226FBB50007BB9BF /* Info.plist */,
			);
			path = BarGraph;
			sourceTree = "<group>";
		};
/* End PBXGroup section */

/* Begin PBXNativeTarget section */
		63822231226FBB4F007BB9BF /* BarGraph */ = {
			isa = PBXNativeTarget;
			buildConfigurationList = 63822244226FBB50007BB9BF /* Build configuration list for PBXNativeTarget "BarGraph" */;
			buildPhases = (
				6382222E226FBB4F007BB9BF /* Sources */,
				6382222F226FBB4F007BB9BF /* Frameworks */,
				63822230226FBB4F007BB9BF /* Resources */,
			);
			buildRules = (
			);
			dependencies = (
			);
			name = BarGraph;
			productName = BarGraph;
			productReference = 63822232226FBB4F007BB9BF /* BarGraph.app */;
			productType = "com.apple.product-type.application";
		};
/* End PBXNativeTarget section */

/* Begin PBXProject section */
		6382222A226FBB4F007BB9BF /* Project object */ = {
			isa = PBXProject;
			attributes = {
				LastSwiftUpdateCheck = 1000;
				LastUpgradeCheck = 1000;
				ORGANIZATIONNAME = "Iragam Reddy, Sreekanth Reddy";
				TargetAttributes = {
					63822231226FBB4F007BB9BF = {
						CreatedOnToolsVersion = 10.0;
					};
				};
			};
			buildConfigurationList = 6382222D226FBB4F007BB9BF /* Build configuration list for PBXProject "BarGraph" */;
			compatibilityVersion = "Xcode 9.3";
			developmentRegion = en;
			hasScannedForEncodings = 0;
			knownRegions = (
				en,
				Base,
			);
			mainGroup = 63822229226FBB4F007BB9BF;
			productRefGroup = 63822233226FBB4F007BB9BF /* Products */;
			projectDirPath = "";
			projectRoot = "";
			targets = (
				63822231226FBB4F007BB9BF /* BarGraph */,
			);
		};
/* End PBXProject section */

/* Begin PBXResourcesBuildPhase section */
		63822230226FBB4F007BB9BF /* Resources */ = {
			isa = PBXResourcesBuildPhase;
			buildActionMask = 2147483647;
			files = (
				6327FEE2228E54860061E249 /* LineChartContainer.xib in Resources */,
				630D352C227F4BE20006D408 /* TripleBarChartContainer.xib in Resources */,
				630D34F7227D323C0006D408 /* BarChartContainerView.xib in Resources */,
				63822240226FBB50007BB9BF /* LaunchScreen.storyboard in Resources */,
				6382223D226FBB50007BB9BF /* Assets.xcassets in Resources */,
				6382223B226FBB4F007BB9BF /* Main.storyboard in Resources */,
			);
			runOnlyForDeploymentPostprocessing = 0;
		};
/* End PBXResourcesBuildPhase section */

/* Begin PBXSourcesBuildPhase section */
		6382222E226FBB4F007BB9BF /* Sources */ = {
			isa = PBXSourcesBuildPhase;
			buildActionMask = 2147483647;
			files = (
				630D352E227F4BF30006D408 /* TripleBarChartContainer.swift in Sources */,
				6327FEDB228E54050061E249 /* LineChartViewController.swift in Sources */,
				63822238226FBB4F007BB9BF /* BarGraphViewController.swift in Sources */,
				63822236226FBB4F007BB9BF /* AppDelegate.swift in Sources */,
				6327FEE0228E547B0061E249 /* LineChartContainer.swift in Sources */,
				630D352A227F4AFE0006D408 /* TripleBarChart.swift in Sources */,
				6327FEDD228E542A0061E249 /* LineChartView.swift in Sources */,
				6382224B226FF2A9007BB9BF /* BarChartView.swift in Sources */,
				630D34F9227D36B20006D408 /* BarChartContainerView.swift in Sources */,
				630D3540228127760006D408 /* TripleBarGraphViewController.swift in Sources */,
			);
			runOnlyForDeploymentPostprocessing = 0;
		};
/* End PBXSourcesBuildPhase section */

/* Begin PBXVariantGroup section */
		63822239226FBB4F007BB9BF /* Main.storyboard */ = {
			isa = PBXVariantGroup;
			children = (
				6382223A226FBB4F007BB9BF /* Base */,
			);
			name = Main.storyboard;
			sourceTree = "<group>";
		};
		6382223E226FBB50007BB9BF /* LaunchScreen.storyboard */ = {
			isa = PBXVariantGroup;
			children = (
				6382223F226FBB50007BB9BF /* Base */,
			);
			name = LaunchScreen.storyboard;
			sourceTree = "<group>";
		};
/* End PBXVariantGroup section */

/* Begin XCBuildConfiguration section */
		63822242226FBB50007BB9BF /* Debug */ = {
			isa = XCBuildConfiguration;
			buildSettings = {
				ALWAYS_SEARCH_USER_PATHS = NO;
				CLANG_ANALYZER_NONNULL = YES;
				CLANG_ANALYZER_NUMBER_OBJECT_CONVERSION = YES_AGGRESSIVE;
				CLANG_CXX_LANGUAGE_STANDARD = "gnu++14";
				CLANG_CXX_LIBRARY = "libc++";
				CLANG_ENABLE_MODULES = YES;
				CLANG_ENABLE_OBJC_ARC = YES;
				CLANG_ENABLE_OBJC_WEAK = YES;
				CLANG_WARN_BLOCK_CAPTURE_AUTORELEASING = YES;
				CLANG_WARN_BOOL_CONVERSION = YES;
				CLANG_WARN_COMMA = YES;
				CLANG_WARN_CONSTANT_CONVERSION = YES;
				CLANG_WARN_DEPRECATED_OBJC_IMPLEMENTATIONS = YES;
				CLANG_WARN_DIRECT_OBJC_ISA_USAGE = YES_ERROR;
				CLANG_WARN_DOCUMENTATION_COMMENTS = YES;
				CLANG_WARN_EMPTY_BODY = YES;
				CLANG_WARN_ENUM_CONVERSION = YES;
				CLANG_WARN_INFINITE_RECURSION = YES;
				CLANG_WARN_INT_CONVERSION = YES;
				CLANG_WARN_NON_LITERAL_NULL_CONVERSION = YES;
				CLANG_WARN_OBJC_IMPLICIT_RETAIN_SELF = YES;
				CLANG_WARN_OBJC_LITERAL_CONVERSION = YES;
				CLANG_WARN_OBJC_ROOT_CLASS = YES_ERROR;
				CLANG_WARN_RANGE_LOOP_ANALYSIS = YES;
				CLANG_WARN_STRICT_PROTOTYPES = YES;
				CLANG_WARN_SUSPICIOUS_MOVE = YES;
				CLANG_WARN_UNGUARDED_AVAILABILITY = YES_AGGRESSIVE;
				CLANG_WARN_UNREACHABLE_CODE = YES;
				CLANG_WARN__DUPLICATE_METHOD_MATCH = YES;
				CODE_SIGN_IDENTITY = "iPhone Developer";
				COPY_PHASE_STRIP = NO;
				DEBUG_INFORMATION_FORMAT = dwarf;
				ENABLE_STRICT_OBJC_MSGSEND = YES;
				ENABLE_TESTABILITY = YES;
				GCC_C_LANGUAGE_STANDARD = gnu11;
				GCC_DYNAMIC_NO_PIC = NO;
				GCC_NO_COMMON_BLOCKS = YES;
				GCC_OPTIMIZATION_LEVEL = 0;
				GCC_PREPROCESSOR_DEFINITIONS = (
					"DEBUG=1",
					"$(inherited)",
				);
				GCC_WARN_64_TO_32_BIT_CONVERSION = YES;
				GCC_WARN_ABOUT_RETURN_TYPE = YES_ERROR;
				GCC_WARN_UNDECLARED_SELECTOR = YES;
				GCC_WARN_UNINITIALIZED_AUTOS = YES_AGGRESSIVE;
				GCC_WARN_UNUSED_FUNCTION = YES;
				GCC_WARN_UNUSED_VARIABLE = YES;
				IPHONEOS_DEPLOYMENT_TARGET = 12.0;
				MTL_ENABLE_DEBUG_INFO = INCLUDE_SOURCE;
				MTL_FAST_MATH = YES;
				ONLY_ACTIVE_ARCH = YES;
				SDKROOT = iphoneos;
				SWIFT_ACTIVE_COMPILATION_CONDITIONS = DEBUG;
				SWIFT_OPTIMIZATION_LEVEL = "-Onone";
			};
			name = Debug;
		};
		63822243226FBB50007BB9BF /* Release */ = {
			isa = XCBuildConfiguration;
			buildSettings = {
				ALWAYS_SEARCH_USER_PATHS = NO;
				CLANG_ANALYZER_NONNULL = YES;
				CLANG_ANALYZER_NUMBER_OBJECT_CONVERSION = YES_AGGRESSIVE;
				CLANG_CXX_LANGUAGE_STANDARD = "gnu++14";
				CLANG_CXX_LIBRARY = "libc++";
				CLANG_ENABLE_MODULES = YES;
				CLANG_ENABLE_OBJC_ARC = YES;
				CLANG_ENABLE_OBJC_WEAK = YES;
				CLANG_WARN_BLOCK_CAPTURE_AUTORELEASING = YES;
				CLANG_WARN_BOOL_CONVERSION = YES;
				CLANG_WARN_COMMA = YES;
				CLANG_WARN_CONSTANT_CONVERSION = YES;
				CLANG_WARN_DEPRECATED_OBJC_IMPLEMENTATIONS = YES;
				CLANG_WARN_DIRECT_OBJC_ISA_USAGE = YES_ERROR;
				CLANG_WARN_DOCUMENTATION_COMMENTS = YES;
				CLANG_WARN_EMPTY_BODY = YES;
				CLANG_WARN_ENUM_CONVERSION = YES;
				CLANG_WARN_INFINITE_RECURSION = YES;
				CLANG_WARN_INT_CONVERSION = YES;
				CLANG_WARN_NON_LITERAL_NULL_CONVERSION = YES;
				CLANG_WARN_OBJC_IMPLICIT_RETAIN_SELF = YES;
				CLANG_WARN_OBJC_LITERAL_CONVERSION = YES;
				CLANG_WARN_OBJC_ROOT_CLASS = YES_ERROR;
				CLANG_WARN_RANGE_LOOP_ANALYSIS = YES;
				CLANG_WARN_STRICT_PROTOTYPES = YES;
				CLANG_WARN_SUSPICIOUS_MOVE = YES;
				CLANG_WARN_UNGUARDED_AVAILABILITY = YES_AGGRESSIVE;
				CLANG_WARN_UNREACHABLE_CODE = YES;
				CLANG_WARN__DUPLICATE_METHOD_MATCH = YES;
				CODE_SIGN_IDENTITY = "iPhone Developer";
				COPY_PHASE_STRIP = NO;
				DEBUG_INFORMATION_FORMAT = "dwarf-with-dsym";
				ENABLE_NS_ASSERTIONS = NO;
				ENABLE_STRICT_OBJC_MSGSEND = YES;
				GCC_C_LANGUAGE_STANDARD = gnu11;
				GCC_NO_COMMON_BLOCKS = YES;
				GCC_WARN_64_TO_32_BIT_CONVERSION = YES;
				GCC_WARN_ABOUT_RETURN_TYPE = YES_ERROR;
				GCC_WARN_UNDECLARED_SELECTOR = YES;
				GCC_WARN_UNINITIALIZED_AUTOS = YES_AGGRESSIVE;
				GCC_WARN_UNUSED_FUNCTION = YES;
				GCC_WARN_UNUSED_VARIABLE = YES;
				IPHONEOS_DEPLOYMENT_TARGET = 12.0;
				MTL_ENABLE_DEBUG_INFO = NO;
				MTL_FAST_MATH = YES;
				SDKROOT = iphoneos;
				SWIFT_COMPILATION_MODE = wholemodule;
				SWIFT_OPTIMIZATION_LEVEL = "-O";
				VALIDATE_PRODUCT = YES;
			};
			name = Release;
		};
		63822245226FBB50007BB9BF /* Debug */ = {
			isa = XCBuildConfiguration;
			buildSettings = {
				ASSETCATALOG_COMPILER_APPICON_NAME = AppIcon;
				CODE_SIGN_STYLE = Automatic;
				INFOPLIST_FILE = BarGraph/Info.plist;
				LD_RUNPATH_SEARCH_PATHS = (
					"$(inherited)",
					"@executable_path/Frameworks",
				);
				PRODUCT_BUNDLE_IDENTIFIER = new.universal.bargraph.BarGraph;
				PRODUCT_NAME = "$(TARGET_NAME)";
				SWIFT_VERSION = 4.2;
				TARGETED_DEVICE_FAMILY = "1,2";
			};
			name = Debug;
		};
		63822246226FBB50007BB9BF /* Release */ = {
			isa = XCBuildConfiguration;
			buildSettings = {
				ASSETCATALOG_COMPILER_APPICON_NAME = AppIcon;
				CODE_SIGN_STYLE = Automatic;
				INFOPLIST_FILE = BarGraph/Info.plist;
				LD_RUNPATH_SEARCH_PATHS = (
					"$(inherited)",
					"@executable_path/Frameworks",
				);
				PRODUCT_BUNDLE_IDENTIFIER = new.universal.bargraph.BarGraph;
				PRODUCT_NAME = "$(TARGET_NAME)";
				SWIFT_VERSION = 4.2;
				TARGETED_DEVICE_FAMILY = "1,2";
			};
			name = Release;
		};
/* End XCBuildConfiguration section */

/* Begin XCConfigurationList section */
		6382222D226FBB4F007BB9BF /* Build configuration list for PBXProject "BarGraph" */ = {
			isa = XCConfigurationList;
			buildConfigurations = (
				63822242226FBB50007BB9BF /* Debug */,
				63822243226FBB50007BB9BF /* Release */,
			);
			defaultConfigurationIsVisible = 0;
			defaultConfigurationName = Release;
		};
		63822244226FBB50007BB9BF /* Build configuration list for PBXNativeTarget "BarGraph" */ = {
			isa = XCConfigurationList;
			buildConfigurations = (
				63822245226FBB50007BB9BF /* Debug */,
				63822246226FBB50007BB9BF /* Release */,
			);
			defaultConfigurationIsVisible = 0;
			defaultConfigurationName = Release;
		};
/* End XCConfigurationList section */
	};
	rootObject = 6382222A226FBB4F007BB9BF /* Project object */;
}
